# This file is automatically @generated by Cargo.
# It is not intended for manual editing.
version = 4

[[package]]
name = "tig-cli"
version = "0.1.0"
dependencies = [
 "tig-core",
]

[[package]]
name = "tig-core"
version = "0.1.0"

[[package]]
name = "tig-web"
version = "0.1.0"
dependencies = [
 "tig-core",
]
