{
  "nodes": {
    "fenix": {
      "inputs": {
        "nixpkgs": [
          "nixpkgs"
        ],
        "rust-analyzer-src": []
      },
      "locked": {
        "lastModified": 1787122318,
        "narHash": "sha256-37asD+JKFnedthzsuGP8mDgxCzjNePJVfMAVzYWIMfs=",
        "owner": "nix-community",
        "repo": "fenix",
        "rev": "d57340fe40c2ee12f86c0e087d2239d682b54eb0",
        "type": "github"
      },
      "original": {
        "owner": "nix-community",
        "repo": "fenix",
        "rev": "d57340fe40c2ee12f86c0e087d2239d682b54eb0",
        "type": "github"
      }
    },
    "nixpkgs": {
      "locked": {
        "lastModified": 1784856561,
        "narHash": "sha256-J+Bx1Z6Oeoj2FgnBhRMKyUhhtDoOpTgXYaVLZpDjW4A=",
        "owner": "NixOS",
        "repo": "nixpkgs",
        "rev": "597283ad8aa0b331c788e97c4c262d58877074ef",
        "type": "github"
      },
      "original": {
        "owner": "NixOS",
        "repo": "nixpkgs",
        "rev": "597283ad8aa0b331c788e97c4c262d58877074ef",
        "type": "github"
      }
    },
    "root": {
      "inputs": {
        "fenix": "fenix",
        "nixpkgs": "nixpkgs"
      }
    }
  },
  "root": "root",
  "version": 7
}
